hash: 12335f10d0663fb099604eaa4171259b7af19ba142ae9e863bd3852faf4ab7cc
updated: 2016-11-10T11:18:51.493019783+05:30
imports:
- name: github.com/golang/protobuf
  version: 4bd1920723d7b7c925de087aa32e2187708897f7
  subpackages:
  - proto
- name: github.com/LoginGRPC/login-contractor
  version: 34b3ce99e039accd1d1aff459563e1a5b443ffa5
- name: golang.org/x/net
  version: 40d3034e575b6eafbca34e64224da61de35ae04c
  subpackages:
  - context
  - http2
  - http2/hpack
  - idna
  - internal/timeseries
  - lex/httplex
  - trace
- name: google.golang.org/grpc
  version: eddbd11c7ecd001d06777cb87b5ea7af54227907
  subpackages:
  - codes
  - credentials
  - grpclog
  - internal
  - metadata
  - naming
  - peer
  - tap
  - transport
testImports: []
